schema: '2.0'
stages:
  load_data:
    cmd: python src\load_data.py --config=params.yaml
    deps:
    - path: data_given\winequality.csv
      md5: ccc8d3507eb151f53f760d36abdef888
      size: 91998
    - path: src\get_data.py
      md5: 6a6b0db35d161d99bf99eec26ef2ea84
      size: 666
    - path: src\load_data.py
      md5: 5f7a6cd6f16c4534e6b7edcf1ab0e653
      size: 665
    outs:
    - path: data\raw\winequality.csv
      md5: dcb9f7736a81b73cf4cf803b5ef3f07e
      size: 102550
  split_data:
    cmd: python src\split_data.py --config=params.yaml
    deps:
    - path: data\raw\winequality.csv
      md5: dcb9f7736a81b73cf4cf803b5ef3f07e
      size: 102550
    - path: src\split_data.py
      md5: f3c80a28f08fde1cdbcc81c9ff0597c1
      size: 1013
    outs:
    - path: data\processed\test_winequality.csv
      md5: 11a4154aa3acf4ba2cb6f9db8d47b5fb
      size: 19385
    - path: data\processed\train_winequality.csv
      md5: bb6c144dc76895d32c8eef0da8155a3e
      size: 77382
  train_and_evaluate:
    cmd: python src/train_and_evaluate.py --config=params.yaml
    deps:
    - path: data/processed/test_winequality.csv
      md5: 11a4154aa3acf4ba2cb6f9db8d47b5fb
      size: 19385
    - path: data/processed/train_winequality.csv
      md5: bb6c144dc76895d32c8eef0da8155a3e
      size: 77382
    - path: src/train_and_evaluate.py
      md5: dadbec951b22a31f1859e8050bae0992
      size: 2634
    params:
      params.yaml:
        estimators.ElasticNet.params.alpha: 0.9
        estimators.ElasticNet.params.l1_ratio: 0.4
    outs:
    - path: report/params.json
      md5: a4aab0167612f21a6085dd05cfafdbf6
      size: 44
    - path: report/scores.json
      md5: dd1715221fcd8569fc1443fc75340e4e
      size: 100
    - path: saved_models/model.joblib
      md5: fa9f1c1d6f1912344aada09573a7df43
      size: 803
